%{
  "basefiftyeight": {:hex, :basefiftyeight, "0.1.0", "3d48544743bf9aab7ab02aed803ac42af77acf268c7d8c71d4f39e7fa85ee8d3", [:mix], [], "hexpm", "af12f551429528c711e98628c029ad48d1e5ba5a284f40b2d91029a65381837a"},
  "bsv": {:hex, :bsv, "0.4.0", "bfb1726e4bc1d21028db65d82e5776785b6833f3413f9e99edc6d3c0317ce2e6", [:mix], [{:basefiftyeight, "~> 0.1", [hex: :basefiftyeight, repo: "hexpm", optional: false]}, {:curvy, "~> 0.2", [hex: :curvy, repo: "hexpm", optional: false]}, {:libsecp256k1, "~> 0.1", [hex: :libsecp256k1, repo: "hexpm", optional: true]}], "hexpm", "27008a2ed7a1f0b2d9424652c48e7639c663ee1486103868b2e4623c713f038b"},
  "curvy": {:hex, :curvy, "0.2.1", "9accca55b4956015319f4aac0320f2a1470be3459c37ffcc71ceac084a5715ef", [:mix], [], "hexpm", "76c6975499ea1f6bb554f7166b5111f95ad5d5e27703ed94921572e789087206"},
  "earmark_parser": {:hex, :earmark_parser, "1.4.13", "0c98163e7d04a15feb62000e1a891489feb29f3d10cb57d4f845c405852bbef8", [:mix], [], "hexpm", "d602c26af3a0af43d2f2645613f65841657ad6efc9f0e361c3b6c06b578214ba"},
  "ex_doc": {:hex, :ex_doc, "0.24.2", "e4c26603830c1a2286dae45f4412a4d1980e1e89dc779fcd0181ed1d5a05c8d9", [:mix], [{:earmark_parser, "~> 1.4.0", [hex: :earmark_parser, repo: "hexpm", optional: false]}, {:makeup_elixir, "~> 0.14", [hex: :makeup_elixir, repo: "hexpm", optional: false]}, {:makeup_erlang, "~> 0.1", [hex: :makeup_erlang, repo: "hexpm", optional: false]}], "hexpm", "e134e1d9e821b8d9e4244687fb2ace58d479b67b282de5158333b0d57c6fb7da"},
  "inflex": {:hex, :inflex, "2.1.0", "a365cf0821a9dacb65067abd95008ca1b0bb7dcdd85ae59965deef2aa062924c", [:mix], [], "hexpm", "14c17d05db4ee9b6d319b0bff1bdf22aa389a25398d1952c7a0b5f3d93162dd8"},
  "jason": {:hex, :jason, "1.2.2", "ba43e3f2709fd1aa1dce90aaabfd039d000469c05c56f0b8e31978e03fa39052", [:mix], [{:decimal, "~> 1.0 or ~> 2.0", [hex: :decimal, repo: "hexpm", optional: true]}], "hexpm", "18a228f5f0058ee183f29f9eae0805c6e59d61c3b006760668d8d18ff0d12179"},
  "makeup": {:hex, :makeup, "1.0.5", "d5a830bc42c9800ce07dd97fa94669dfb93d3bf5fcf6ea7a0c67b2e0e4a7f26c", [:mix], [{:nimble_parsec, "~> 0.5 or ~> 1.0", [hex: :nimble_parsec, repo: "hexpm", optional: false]}], "hexpm", "cfa158c02d3f5c0c665d0af11512fed3fba0144cf1aadee0f2ce17747fba2ca9"},
  "makeup_elixir": {:hex, :makeup_elixir, "0.15.1", "b5888c880d17d1cc3e598f05cdb5b5a91b7b17ac4eaf5f297cb697663a1094dd", [:mix], [{:makeup, "~> 1.0", [hex: :makeup, repo: "hexpm", optional: false]}, {:nimble_parsec, "~> 1.1", [hex: :nimble_parsec, repo: "hexpm", optional: false]}], "hexpm", "db68c173234b07ab2a07f645a5acdc117b9f99d69ebf521821d89690ae6c6ec8"},
  "makeup_erlang": {:hex, :makeup_erlang, "0.1.1", "3fcb7f09eb9d98dc4d208f49cc955a34218fc41ff6b84df7c75b3e6e533cc65f", [:mix], [{:makeup, "~> 1.0", [hex: :makeup, repo: "hexpm", optional: false]}], "hexpm", "174d0809e98a4ef0b3309256cbf97101c6ec01c4ab0b23e926a9e17df2077cbb"},
  "mime": {:hex, :mime, "1.6.0", "dabde576a497cef4bbdd60aceee8160e02a6c89250d6c0b29e56c0dfb00db3d2", [:mix], [], "hexpm", "31a1a8613f8321143dde1dafc36006a17d28d02bdfecb9e95a880fa7aabd19a7"},
  "nimble_parsec": {:hex, :nimble_parsec, "1.1.0", "3a6fca1550363552e54c216debb6a9e95bd8d32348938e13de5eda962c0d7f89", [:mix], [], "hexpm", "08eb32d66b706e913ff748f11694b17981c0b04a33ef470e33e11b3d3ac8f54b"},
  "tesla": {:hex, :tesla, "1.4.1", "ff855f1cac121e0d16281b49e8f066c4a0d89965f98864515713878cca849ac8", [:mix], [{:castore, "~> 0.1", [hex: :castore, repo: "hexpm", optional: true]}, {:exjsx, ">= 3.0.0", [hex: :exjsx, repo: "hexpm", optional: true]}, {:finch, "~> 0.3", [hex: :finch, repo: "hexpm", optional: true]}, {:fuse, "~> 2.4", [hex: :fuse, repo: "hexpm", optional: true]}, {:gun, "~> 1.3", [hex: :gun, repo: "hexpm", optional: true]}, {:hackney, "~> 1.6", [hex: :hackney, repo: "hexpm", optional: true]}, {:ibrowse, "~> 4.4.0", [hex: :ibrowse, repo: "hexpm", optional: true]}, {:jason, ">= 1.0.0", [hex: :jason, repo: "hexpm", optional: true]}, {:mime, "~> 1.0", [hex: :mime, repo: "hexpm", optional: false]}, {:mint, "~> 1.0", [hex: :mint, repo: "hexpm", optional: true]}, {:poison, ">= 1.0.0", [hex: :poison, repo: "hexpm", optional: true]}, {:telemetry, "~> 0.4", [hex: :telemetry, repo: "hexpm", optional: true]}], "hexpm", "95f5de35922c8c4b3945bee7406f66eb680b0955232f78f5fb7e853aa1ce201a"},
}
